{
  "version": 4,
  "terraform_version": "1.11.4",
  "serial": 29,
  "lineage": "dbd31b0e-6647-b764-27ed-55dadad74a85",
  "outputs": {
    "minitwit-swarm-leader-ip-address": {
      "value": "164.90.230.184",
      "type": "string"
    },
    "minitwit-swarm-manager-ip-address": {
      "value": [
        "164.92.171.237",
        "46.101.154.46"
      ],
      "type": [
        "tuple",
        [
          "string",
          "string"
        ]
      ]
    },
    "minitwit-swarm-worker-ip-address": {
      "value": [
        "209.38.197.188",
        "161.35.29.134",
        "134.209.254.214"
      ],
      "type": [
        "tuple",
        [
          "string",
          "string",
          "string"
        ]
      ]
    }
  },
  "resources": [
    {
      "mode": "data",
      "type": "digitalocean_ssh_key",
      "name": "terraform",
      "provider": "provider[\"registry.terraform.io/digitalocean/digitalocean\"]",
      "instances": [
        {
          "schema_version": 0,
          "attributes": {
            "fingerprint": "33:be:da:23:b2:69:c7:22:d0:83:03:a8:30:74:0d:d7",
            "id": 46603429,
            "name": "Macbook",
            "public_key": "ssh-ed25519 AAAAC3NzaC1lZDI1NTE5AAAAIJRPNyQau5ObpRrQCaJ7wpX1JTJAWN2tcB+u0lBTc5VX labp@itu.dk"
          },
          "sensitive_attributes": []
        }
      ]
    },
    {
      "mode": "managed",
      "type": "digitalocean_droplet",
      "name": "minitwit-swarm-leader",
      "provider": "provider[\"registry.terraform.io/digitalocean/digitalocean\"]",
      "instances": [
        {
          "schema_version": 1,
          "attributes": {
            "backup_policy": [],
            "backups": false,
            "created_at": "2025-04-25T14:10:52Z",
            "disk": 50,
            "droplet_agent": null,
            "graceful_shutdown": false,
            "id": "491530942",
            "image": "docker-20-04",
            "ipv4_address": "164.90.230.184",
            "ipv4_address_private": "10.114.0.3",
            "ipv6": false,
            "ipv6_address": "",
            "locked": false,
            "memory": 2048,
            "monitoring": false,
            "name": "minitwit-swarm-leader",
            "price_hourly": 0.01786,
            "price_monthly": 12,
            "private_networking": true,
            "region": "fra1",
            "resize_disk": true,
            "size": "s-1vcpu-2gb",
            "ssh_keys": [
              "46603429"
            ],
            "status": "active",
            "tags": [],
            "timeouts": null,
            "urn": "do:droplet:491530942",
            "user_data": null,
            "vcpus": 1,
            "volume_ids": [],
            "vpc_uuid": "d283951e-f760-45a1-9d2b-ba1391ca6423"
          },
          "sensitive_attributes": [],
          "private": "eyJlMmJmYjczMC1lY2FhLTExZTYtOGY4OC0zNDM2M2JjN2M0YzAiOnsiY3JlYXRlIjozNjAwMDAwMDAwMDAwLCJkZWxldGUiOjYwMDAwMDAwMDAwLCJ1cGRhdGUiOjM2MDAwMDAwMDAwMDB9LCJzY2hlbWFfdmVyc2lvbiI6IjEifQ==",
          "dependencies": [
            "data.digitalocean_ssh_key.terraform"
          ]
        }
      ]
    },
    {
      "mode": "managed",
      "type": "digitalocean_droplet",
      "name": "minitwit-swarm-manager",
      "provider": "provider[\"registry.terraform.io/digitalocean/digitalocean\"]",
      "instances": [
        {
          "index_key": 0,
          "schema_version": 1,
          "attributes": {
            "backup_policy": [],
            "backups": false,
            "created_at": "2025-04-25T14:18:30Z",
            "disk": 50,
            "droplet_agent": null,
            "graceful_shutdown": false,
            "id": "491532257",
            "image": "docker-20-04",
            "ipv4_address": "164.92.171.237",
            "ipv4_address_private": "10.114.0.2",
            "ipv6": false,
            "ipv6_address": "",
            "locked": false,
            "memory": 2048,
            "monitoring": false,
            "name": "minitwit-swarm-manager-0",
            "price_hourly": 0.01786,
            "price_monthly": 12,
            "private_networking": true,
            "region": "fra1",
            "resize_disk": true,
            "size": "s-1vcpu-2gb",
            "ssh_keys": [
              "46603429"
            ],
            "status": "active",
            "tags": null,
            "timeouts": null,
            "urn": "do:droplet:491532257",
            "user_data": null,
            "vcpus": 1,
            "volume_ids": [],
            "vpc_uuid": "d283951e-f760-45a1-9d2b-ba1391ca6423"
          },
          "sensitive_attributes": [],
          "private": "eyJlMmJmYjczMC1lY2FhLTExZTYtOGY4OC0zNDM2M2JjN2M0YzAiOnsiY3JlYXRlIjozNjAwMDAwMDAwMDAwLCJkZWxldGUiOjYwMDAwMDAwMDAwLCJ1cGRhdGUiOjM2MDAwMDAwMDAwMDB9LCJzY2hlbWFfdmVyc2lvbiI6IjEifQ==",
          "dependencies": [
            "data.digitalocean_ssh_key.terraform",
            "digitalocean_droplet.minitwit-swarm-leader",
            "null_resource.swarm-manager-token"
          ]
        },
        {
          "index_key": 1,
          "schema_version": 1,
          "attributes": {
            "backup_policy": [],
            "backups": false,
            "created_at": "2025-04-25T14:18:30Z",
            "disk": 50,
            "droplet_agent": null,
            "graceful_shutdown": false,
            "id": "491532255",
            "image": "docker-20-04",
            "ipv4_address": "46.101.154.46",
            "ipv4_address_private": "10.114.0.4",
            "ipv6": false,
            "ipv6_address": "",
            "locked": false,
            "memory": 2048,
            "monitoring": false,
            "name": "minitwit-swarm-manager-1",
            "price_hourly": 0.01786,
            "price_monthly": 12,
            "private_networking": true,
            "region": "fra1",
            "resize_disk": true,
            "size": "s-1vcpu-2gb",
            "ssh_keys": [
              "46603429"
            ],
            "status": "active",
            "tags": null,
            "timeouts": null,
            "urn": "do:droplet:491532255",
            "user_data": null,
            "vcpus": 1,
            "volume_ids": [],
            "vpc_uuid": "d283951e-f760-45a1-9d2b-ba1391ca6423"
          },
          "sensitive_attributes": [],
          "private": "eyJlMmJmYjczMC1lY2FhLTExZTYtOGY4OC0zNDM2M2JjN2M0YzAiOnsiY3JlYXRlIjozNjAwMDAwMDAwMDAwLCJkZWxldGUiOjYwMDAwMDAwMDAwLCJ1cGRhdGUiOjM2MDAwMDAwMDAwMDB9LCJzY2hlbWFfdmVyc2lvbiI6IjEifQ==",
          "dependencies": [
            "data.digitalocean_ssh_key.terraform",
            "digitalocean_droplet.minitwit-swarm-leader",
            "null_resource.swarm-manager-token"
          ]
        }
      ]
    },
    {
      "mode": "managed",
      "type": "digitalocean_droplet",
      "name": "minitwit-swarm-worker",
      "provider": "provider[\"registry.terraform.io/digitalocean/digitalocean\"]",
      "instances": [
        {
          "index_key": 0,
          "schema_version": 1,
          "attributes": {
            "backup_policy": [],
            "backups": false,
            "created_at": "2025-04-25T14:18:30Z",
            "disk": 50,
            "droplet_agent": null,
            "graceful_shutdown": false,
            "id": "491532254",
            "image": "docker-20-04",
            "ipv4_address": "209.38.197.188",
            "ipv4_address_private": "10.114.0.8",
            "ipv6": false,
            "ipv6_address": "",
            "locked": false,
            "memory": 2048,
            "monitoring": false,
            "name": "minitwit-swarm-worker-0",
            "price_hourly": 0.01786,
            "price_monthly": 12,
            "private_networking": true,
            "region": "fra1",
            "resize_disk": true,
            "size": "s-1vcpu-2gb",
            "ssh_keys": [
              "46603429"
            ],
            "status": "active",
            "tags": null,
            "timeouts": null,
            "urn": "do:droplet:491532254",
            "user_data": null,
            "vcpus": 1,
            "volume_ids": [],
            "vpc_uuid": "d283951e-f760-45a1-9d2b-ba1391ca6423"
          },
          "sensitive_attributes": [],
          "private": "eyJlMmJmYjczMC1lY2FhLTExZTYtOGY4OC0zNDM2M2JjN2M0YzAiOnsiY3JlYXRlIjozNjAwMDAwMDAwMDAwLCJkZWxldGUiOjYwMDAwMDAwMDAwLCJ1cGRhdGUiOjM2MDAwMDAwMDAwMDB9LCJzY2hlbWFfdmVyc2lvbiI6IjEifQ==",
          "dependencies": [
            "data.digitalocean_ssh_key.terraform",
            "digitalocean_droplet.minitwit-swarm-leader",
            "null_resource.swarm-worker-token"
          ]
        },
        {
          "index_key": 1,
          "schema_version": 1,
          "attributes": {
            "backup_policy": [],
            "backups": false,
            "created_at": "2025-04-25T14:18:30Z",
            "disk": 50,
            "droplet_agent": null,
            "graceful_shutdown": false,
            "id": "491532256",
            "image": "docker-20-04",
            "ipv4_address": "161.35.29.134",
            "ipv4_address_private": "10.114.0.10",
            "ipv6": false,
            "ipv6_address": "",
            "locked": false,
            "memory": 2048,
            "monitoring": false,
            "name": "minitwit-swarm-worker-1",
            "price_hourly": 0.01786,
            "price_monthly": 12,
            "private_networking": true,
            "region": "fra1",
            "resize_disk": true,
            "size": "s-1vcpu-2gb",
            "ssh_keys": [
              "46603429"
            ],
            "status": "active",
            "tags": null,
            "timeouts": null,
            "urn": "do:droplet:491532256",
            "user_data": null,
            "vcpus": 1,
            "volume_ids": [],
            "vpc_uuid": "d283951e-f760-45a1-9d2b-ba1391ca6423"
          },
          "sensitive_attributes": [],
          "private": "eyJlMmJmYjczMC1lY2FhLTExZTYtOGY4OC0zNDM2M2JjN2M0YzAiOnsiY3JlYXRlIjozNjAwMDAwMDAwMDAwLCJkZWxldGUiOjYwMDAwMDAwMDAwLCJ1cGRhdGUiOjM2MDAwMDAwMDAwMDB9LCJzY2hlbWFfdmVyc2lvbiI6IjEifQ==",
          "dependencies": [
            "data.digitalocean_ssh_key.terraform",
            "digitalocean_droplet.minitwit-swarm-leader",
            "null_resource.swarm-worker-token"
          ]
        },
        {
          "index_key": 2,
          "schema_version": 1,
          "attributes": {
            "backup_policy": [],
            "backups": false,
            "created_at": "2025-04-25T14:18:31Z",
            "disk": 50,
            "droplet_agent": null,
            "graceful_shutdown": false,
            "id": "491532258",
            "image": "docker-20-04",
            "ipv4_address": "134.209.254.214",
            "ipv4_address_private": "10.114.0.9",
            "ipv6": false,
            "ipv6_address": "",
            "locked": false,
            "memory": 2048,
            "monitoring": false,
            "name": "minitwit-swarm-worker-2",
            "price_hourly": 0.01786,
            "price_monthly": 12,
            "private_networking": true,
            "region": "fra1",
            "resize_disk": true,
            "size": "s-1vcpu-2gb",
            "ssh_keys": [
              "46603429"
            ],
            "status": "active",
            "tags": null,
            "timeouts": null,
            "urn": "do:droplet:491532258",
            "user_data": null,
            "vcpus": 1,
            "volume_ids": [],
            "vpc_uuid": "d283951e-f760-45a1-9d2b-ba1391ca6423"
          },
          "sensitive_attributes": [],
          "private": "eyJlMmJmYjczMC1lY2FhLTExZTYtOGY4OC0zNDM2M2JjN2M0YzAiOnsiY3JlYXRlIjozNjAwMDAwMDAwMDAwLCJkZWxldGUiOjYwMDAwMDAwMDAwLCJ1cGRhdGUiOjM2MDAwMDAwMDAwMDB9LCJzY2hlbWFfdmVyc2lvbiI6IjEifQ==",
          "dependencies": [
            "data.digitalocean_ssh_key.terraform",
            "digitalocean_droplet.minitwit-swarm-leader",
            "null_resource.swarm-worker-token"
          ]
        }
      ]
    },
    {
      "mode": "managed",
      "type": "null_resource",
      "name": "swarm-manager-token",
      "provider": "provider[\"registry.terraform.io/hashicorp/null\"]",
      "instances": [
        {
          "schema_version": 0,
          "attributes": {
            "id": "8816906908404694948",
            "triggers": null
          },
          "sensitive_attributes": [],
          "dependencies": [
            "data.digitalocean_ssh_key.terraform",
            "digitalocean_droplet.minitwit-swarm-leader"
          ]
        }
      ]
    },
    {
      "mode": "managed",
      "type": "null_resource",
      "name": "swarm-worker-token",
      "provider": "provider[\"registry.terraform.io/hashicorp/null\"]",
      "instances": [
        {
          "schema_version": 0,
          "attributes": {
            "id": "7764562080975937813",
            "triggers": null
          },
          "sensitive_attributes": [],
          "dependencies": [
            "data.digitalocean_ssh_key.terraform",
            "digitalocean_droplet.minitwit-swarm-leader"
          ]
        }
      ]
    }
  ],
  "check_results": null
}
