{
  "version": 4,
  "terraform_version": "1.11.4",
  "serial": 19,
  "lineage": "dbd31b0e-6647-b764-27ed-55dadad74a85",
  "outputs": {
    "minitwit-swarm-leader-ip-address": {
      "value": "164.90.230.184",
      "type": "string"
    }
  },
  "resources": [
    {
      "mode": "data",
      "type": "digitalocean_ssh_key",
      "name": "terraform",
      "provider": "provider[\"registry.terraform.io/digitalocean/digitalocean\"]",
      "instances": [
        {
          "schema_version": 0,
          "attributes": {
            "fingerprint": "33:be:da:23:b2:69:c7:22:d0:83:03:a8:30:74:0d:d7",
            "id": 46603429,
            "name": "Macbook",
            "public_key": "ssh-ed25519 AAAAC3NzaC1lZDI1NTE5AAAAIJRPNyQau5ObpRrQCaJ7wpX1JTJAWN2tcB+u0lBTc5VX labp@itu.dk"
          },
          "sensitive_attributes": []
        }
      ]
    },
    {
      "mode": "managed",
      "type": "digitalocean_droplet",
      "name": "minitwit-swarm-leader",
      "provider": "provider[\"registry.terraform.io/digitalocean/digitalocean\"]",
      "instances": [
        {
          "schema_version": 1,
          "attributes": {
            "backup_policy": [],
            "backups": false,
            "created_at": "2025-04-25T14:10:52Z",
            "disk": 50,
            "droplet_agent": null,
            "graceful_shutdown": false,
            "id": "491530942",
            "image": "docker-20-04",
            "ipv4_address": "164.90.230.184",
            "ipv4_address_private": "10.114.0.3",
            "ipv6": false,
            "ipv6_address": "",
            "locked": false,
            "memory": 2048,
            "monitoring": false,
            "name": "minitwit-swarm-leader",
            "price_hourly": 0.01786,
            "price_monthly": 12,
            "private_networking": true,
            "region": "fra1",
            "resize_disk": true,
            "size": "s-1vcpu-2gb",
            "ssh_keys": [
              "46603429"
            ],
            "status": "active",
            "tags": null,
            "timeouts": null,
            "urn": "do:droplet:491530942",
            "user_data": null,
            "vcpus": 1,
            "volume_ids": [],
            "vpc_uuid": "d283951e-f760-45a1-9d2b-ba1391ca6423"
          },
          "sensitive_attributes": [],
          "private": "eyJlMmJmYjczMC1lY2FhLTExZTYtOGY4OC0zNDM2M2JjN2M0YzAiOnsiY3JlYXRlIjozNjAwMDAwMDAwMDAwLCJkZWxldGUiOjYwMDAwMDAwMDAwLCJ1cGRhdGUiOjM2MDAwMDAwMDAwMDB9LCJzY2hlbWFfdmVyc2lvbiI6IjEifQ==",
          "dependencies": [
            "data.digitalocean_ssh_key.terraform"
          ]
        }
      ]
    },
    {
      "mode": "managed",
      "type": "null_resource",
      "name": "swarm-manager-token",
      "provider": "provider[\"registry.terraform.io/hashicorp/null\"]",
      "instances": [
        {
          "status": "tainted",
          "schema_version": 0,
          "attributes": {
            "id": "6550726650811889232",
            "triggers": null
          },
          "sensitive_attributes": [],
          "dependencies": [
            "data.digitalocean_ssh_key.terraform",
            "digitalocean_droplet.minitwit-swarm-leader"
          ]
        }
      ]
    },
    {
      "mode": "managed",
      "type": "null_resource",
      "name": "swarm-worker-token",
      "provider": "provider[\"registry.terraform.io/hashicorp/null\"]",
      "instances": [
        {
          "status": "tainted",
          "schema_version": 0,
          "attributes": {
            "id": "3365303250427768208",
            "triggers": null
          },
          "sensitive_attributes": [],
          "dependencies": [
            "data.digitalocean_ssh_key.terraform",
            "digitalocean_droplet.minitwit-swarm-leader"
          ]
        }
      ]
    }
  ],
  "check_results": null
}
